// !$*UTF8*$!
{
	archiveVersion = 1;
	classes = {
	};
	objectVersion = 56;
	objects = {

/* Begin PBXBuildFile section */
		1014D90B4C20DCBD0FA762A9 /* Pods_ForTestCode.framework in Frameworks */ = {isa = PBXBuildFile; fileRef = D3AA16F900D583DF7FCAEFA5 /* Pods_ForTestCode.framework */; };
		D716491E2B0DEC1F007454A8 /* MVVMShowDataVC.swift in Sources */ = {isa = PBXBuildFile; fileRef = D716491D2B0DEC1F007454A8 /* MVVMShowDataVC.swift */; };
		D71649202B0DEFAE007454A8 /* ModelProduct.swift in Sources */ = {isa = PBXBuildFile; fileRef = D716491F2B0DEFAE007454A8 /* ModelProduct.swift */; };
		D71649222B0DEFB3007454A8 /* ProductViewModel.swift in Sources */ = {isa = PBXBuildFile; fileRef = D71649212B0DEFB3007454A8 /* ProductViewModel.swift */; };
		D71649252B0F072D007454A8 /* ProductViewCell.swift in Sources */ = {isa = PBXBuildFile; fileRef = D71649232B0F072D007454A8 /* ProductViewCell.swift */; };
		D71649262B0F072D007454A8 /* ProductViewCell.xib in Resources */ = {isa = PBXBuildFile; fileRef = D71649242B0F072D007454A8 /* ProductViewCell.xib */; };
		D71649282B0F299D007454A8 /* BaseServiceRequest.swift in Sources */ = {isa = PBXBuildFile; fileRef = D71649272B0F299D007454A8 /* BaseServiceRequest.swift */; };
		D73DF6242AD6BAE100C06CC4 /* ShowGiftView.swift in Sources */ = {isa = PBXBuildFile; fileRef = D73DF6232AD6BAE100C06CC4 /* ShowGiftView.swift */; };
		D78769662AF1F9D400E01A3D /* CollectionViewController.swift in Sources */ = {isa = PBXBuildFile; fileRef = D78769642AF1F9D400E01A3D /* CollectionViewController.swift */; };
		D78769672AF1F9D400E01A3D /* CollectionViewController.xib in Resources */ = {isa = PBXBuildFile; fileRef = D78769652AF1F9D400E01A3D /* CollectionViewController.xib */; };
		D787696B2AF1FA9800E01A3D /* CollectionViewCell.swift in Sources */ = {isa = PBXBuildFile; fileRef = D78769692AF1FA9800E01A3D /* CollectionViewCell.swift */; };
		D787696C2AF1FA9800E01A3D /* CollectionViewCell.xib in Resources */ = {isa = PBXBuildFile; fileRef = D787696A2AF1FA9800E01A3D /* CollectionViewCell.xib */; };
		D78769802AF37A7800E01A3D /* jsonTitle.json in Resources */ = {isa = PBXBuildFile; fileRef = D787697F2AF37A7800E01A3D /* jsonTitle.json */; };
		D78769822AF37BE300E01A3D /* JsonTitleModel.swift in Sources */ = {isa = PBXBuildFile; fileRef = D78769812AF37BE300E01A3D /* JsonTitleModel.swift */; };
		D78769842AF37C0300E01A3D /* TitleViewModel.swift in Sources */ = {isa = PBXBuildFile; fileRef = D78769832AF37C0300E01A3D /* TitleViewModel.swift */; };
		D78769872AF380D200E01A3D /* CltvGridBtnCell.swift in Sources */ = {isa = PBXBuildFile; fileRef = D78769852AF380D200E01A3D /* CltvGridBtnCell.swift */; };
		D78769882AF380D200E01A3D /* CltvGridBtnCell.xib in Resources */ = {isa = PBXBuildFile; fileRef = D78769862AF380D200E01A3D /* CltvGridBtnCell.xib */; };
		D7A2D6622B0320A700A3B1BD /* LabelLinkVC.swift in Sources */ = {isa = PBXBuildFile; fileRef = D7A2D6612B0320A700A3B1BD /* LabelLinkVC.swift */; };
		D7B215D72AD799F10030EA4D /* GiftListVC.swift in Sources */ = {isa = PBXBuildFile; fileRef = D7B215D52AD799F10030EA4D /* GiftListVC.swift */; };
		D7B215D82AD799F10030EA4D /* GiftListVC.xib in Resources */ = {isa = PBXBuildFile; fileRef = D7B215D62AD799F10030EA4D /* GiftListVC.xib */; };
		D7D7AD752AD55A2300647055 /* Assets.xcassets in Resources */ = {isa = PBXBuildFile; fileRef = D7D7AD742AD55A2300647055 /* Assets.xcassets */; };
		D7D7AD782AD55A2300647055 /* LaunchScreen.storyboard in Resources */ = {isa = PBXBuildFile; fileRef = D7D7AD762AD55A2300647055 /* LaunchScreen.storyboard */; };
		D7D7AD912AD55A3B00647055 /* Extension.swift in Sources */ = {isa = PBXBuildFile; fileRef = D7D7AD812AD55A3800647055 /* Extension.swift */; };
		D7D7AD922AD55A3B00647055 /* AppDelegate.swift in Sources */ = {isa = PBXBuildFile; fileRef = D7D7AD822AD55A3800647055 /* AppDelegate.swift */; };
		D7D7AD942AD55A3B00647055 /* Main.storyboard in Resources */ = {isa = PBXBuildFile; fileRef = D7D7AD842AD55A3900647055 /* Main.storyboard */; };
		D7D7AD952AD55A3B00647055 /* MyTableViewCell.swift in Sources */ = {isa = PBXBuildFile; fileRef = D7D7AD852AD55A3900647055 /* MyTableViewCell.swift */; };
		D7D7AD962AD55A3B00647055 /* TableViewVC.xib in Resources */ = {isa = PBXBuildFile; fileRef = D7D7AD862AD55A3900647055 /* TableViewVC.xib */; };
		D7D7AD972AD55A3B00647055 /* LabelAnnounce.swift in Sources */ = {isa = PBXBuildFile; fileRef = D7D7AD872AD55A3900647055 /* LabelAnnounce.swift */; };
		D7D7AD992AD55A3B00647055 /* SceneDelegate.swift in Sources */ = {isa = PBXBuildFile; fileRef = D7D7AD892AD55A3A00647055 /* SceneDelegate.swift */; };
		D7D7AD9A2AD55A3B00647055 /* TableViewCenter.swift in Sources */ = {isa = PBXBuildFile; fileRef = D7D7AD8A2AD55A3A00647055 /* TableViewCenter.swift */; };
		D7D7AD9C2AD55A3B00647055 /* TableViewVC.swift in Sources */ = {isa = PBXBuildFile; fileRef = D7D7AD8C2AD55A3A00647055 /* TableViewVC.swift */; };
		D7D7AD9D2AD55A3B00647055 /* LabelAnnounce.xib in Resources */ = {isa = PBXBuildFile; fileRef = D7D7AD8D2AD55A3B00647055 /* LabelAnnounce.xib */; };
		D7D7AD9E2AD55A3B00647055 /* ViewController.swift in Sources */ = {isa = PBXBuildFile; fileRef = D7D7AD8E2AD55A3B00647055 /* ViewController.swift */; };
		D7D7AD9F2AD55A3B00647055 /* MyTableViewCell.xib in Resources */ = {isa = PBXBuildFile; fileRef = D7D7AD8F2AD55A3B00647055 /* MyTableViewCell.xib */; };
		D7D7ADA52AD6940600647055 /* AnnounceView.swift in Sources */ = {isa = PBXBuildFile; fileRef = D7D7ADA42AD6940600647055 /* AnnounceView.swift */; };
		D7D7ADB32AD6B57500647055 /* AnimateVC.swift in Sources */ = {isa = PBXBuildFile; fileRef = D7D7ADB22AD6B57500647055 /* AnimateVC.swift */; };
		D7D7ADB72AD6B85E00647055 /* PopoverViewController.swift in Sources */ = {isa = PBXBuildFile; fileRef = D7D7ADB52AD6B85E00647055 /* PopoverViewController.swift */; };
		D7D7ADB82AD6B85E00647055 /* PopoverViewController.xib in Resources */ = {isa = PBXBuildFile; fileRef = D7D7ADB62AD6B85E00647055 /* PopoverViewController.xib */; };
		D7D7ADC02AD6B8F700647055 /* RowGiftView.swift in Sources */ = {isa = PBXBuildFile; fileRef = D7D7ADBD2AD6B8F700647055 /* RowGiftView.swift */; };
		D7D7ADC12AD6B8F700647055 /* RowGiftView.xib in Resources */ = {isa = PBXBuildFile; fileRef = D7D7ADBE2AD6B8F700647055 /* RowGiftView.xib */; };
		D7FAD0A12B0363E100C49BD1 /* TableViewReadMore.swift in Sources */ = {isa = PBXBuildFile; fileRef = D7FAD0A02B0363E100C49BD1 /* TableViewReadMore.swift */; };
		D7FAD0A42B036AEC00C49BD1 /* CustomTableViewCell.swift in Sources */ = {isa = PBXBuildFile; fileRef = D7FAD0A22B036AEC00C49BD1 /* CustomTableViewCell.swift */; };
		D7FAD0A52B036AEC00C49BD1 /* CustomTableViewCell.xib in Resources */ = {isa = PBXBuildFile; fileRef = D7FAD0A32B036AEC00C49BD1 /* CustomTableViewCell.xib */; };
		D7FAD0A92B070C2800C49BD1 /* PlayWebpVC.swift in Sources */ = {isa = PBXBuildFile; fileRef = D7FAD0A82B070C2800C49BD1 /* PlayWebpVC.swift */; };
/* End PBXBuildFile section */

/* Begin PBXFileReference section */
		38D380721B5727C65F46165B /* Pods-ForTestCode.release.xcconfig */ = {isa = PBXFileReference; includeInIndex = 1; lastKnownFileType = text.xcconfig; name = "Pods-ForTestCode.release.xcconfig"; path = "Target Support Files/Pods-ForTestCode/Pods-ForTestCode.release.xcconfig"; sourceTree = "<group>"; };
		4AA4156DA9B8FA3CF6C28B0C /* Pods-ForTestCode.debug.xcconfig */ = {isa = PBXFileReference; includeInIndex = 1; lastKnownFileType = text.xcconfig; name = "Pods-ForTestCode.debug.xcconfig"; path = "Target Support Files/Pods-ForTestCode/Pods-ForTestCode.debug.xcconfig"; sourceTree = "<group>"; };
		D3AA16F900D583DF7FCAEFA5 /* Pods_ForTestCode.framework */ = {isa = PBXFileReference; explicitFileType = wrapper.framework; includeInIndex = 0; path = Pods_ForTestCode.framework; sourceTree = BUILT_PRODUCTS_DIR; };
		D716491D2B0DEC1F007454A8 /* MVVMShowDataVC.swift */ = {isa = PBXFileReference; lastKnownFileType = sourcecode.swift; path = MVVMShowDataVC.swift; sourceTree = "<group>"; };
		D716491F2B0DEFAE007454A8 /* ModelProduct.swift */ = {isa = PBXFileReference; lastKnownFileType = sourcecode.swift; path = ModelProduct.swift; sourceTree = "<group>"; };
		D71649212B0DEFB3007454A8 /* ProductViewModel.swift */ = {isa = PBXFileReference; lastKnownFileType = sourcecode.swift; path = ProductViewModel.swift; sourceTree = "<group>"; };
		D71649232B0F072D007454A8 /* ProductViewCell.swift */ = {isa = PBXFileReference; lastKnownFileType = sourcecode.swift; path = ProductViewCell.swift; sourceTree = "<group>"; };
		D71649242B0F072D007454A8 /* ProductViewCell.xib */ = {isa = PBXFileReference; lastKnownFileType = file.xib; path = ProductViewCell.xib; sourceTree = "<group>"; };
		D71649272B0F299D007454A8 /* BaseServiceRequest.swift */ = {isa = PBXFileReference; lastKnownFileType = sourcecode.swift; path = BaseServiceRequest.swift; sourceTree = "<group>"; };
		D73DF6232AD6BAE100C06CC4 /* ShowGiftView.swift */ = {isa = PBXFileReference; lastKnownFileType = sourcecode.swift; path = ShowGiftView.swift; sourceTree = "<group>"; };
		D78769642AF1F9D400E01A3D /* CollectionViewController.swift */ = {isa = PBXFileReference; lastKnownFileType = sourcecode.swift; path = CollectionViewController.swift; sourceTree = "<group>"; };
		D78769652AF1F9D400E01A3D /* CollectionViewController.xib */ = {isa = PBXFileReference; lastKnownFileType = file.xib; path = CollectionViewController.xib; sourceTree = "<group>"; };
		D78769692AF1FA9800E01A3D /* CollectionViewCell.swift */ = {isa = PBXFileReference; lastKnownFileType = sourcecode.swift; path = CollectionViewCell.swift; sourceTree = "<group>"; };
		D787696A2AF1FA9800E01A3D /* CollectionViewCell.xib */ = {isa = PBXFileReference; lastKnownFileType = file.xib; path = CollectionViewCell.xib; sourceTree = "<group>"; };
		D787697F2AF37A7800E01A3D /* jsonTitle.json */ = {isa = PBXFileReference; fileEncoding = 4; lastKnownFileType = text.json; path = jsonTitle.json; sourceTree = "<group>"; };
		D78769812AF37BE300E01A3D /* JsonTitleModel.swift */ = {isa = PBXFileReference; lastKnownFileType = sourcecode.swift; path = JsonTitleModel.swift; sourceTree = "<group>"; };
		D78769832AF37C0300E01A3D /* TitleViewModel.swift */ = {isa = PBXFileReference; lastKnownFileType = sourcecode.swift; path = TitleViewModel.swift; sourceTree = "<group>"; };
		D78769852AF380D200E01A3D /* CltvGridBtnCell.swift */ = {isa = PBXFileReference; lastKnownFileType = sourcecode.swift; path = CltvGridBtnCell.swift; sourceTree = "<group>"; };
		D78769862AF380D200E01A3D /* CltvGridBtnCell.xib */ = {isa = PBXFileReference; lastKnownFileType = file.xib; path = CltvGridBtnCell.xib; sourceTree = "<group>"; };
		D7A2D6612B0320A700A3B1BD /* LabelLinkVC.swift */ = {isa = PBXFileReference; lastKnownFileType = sourcecode.swift; path = LabelLinkVC.swift; sourceTree = "<group>"; };
		D7B215D52AD799F10030EA4D /* GiftListVC.swift */ = {isa = PBXFileReference; lastKnownFileType = sourcecode.swift; path = GiftListVC.swift; sourceTree = "<group>"; };
		D7B215D62AD799F10030EA4D /* GiftListVC.xib */ = {isa = PBXFileReference; lastKnownFileType = file.xib; path = GiftListVC.xib; sourceTree = "<group>"; };
		D7D7AD682AD55A2200647055 /* ForTestCode.app */ = {isa = PBXFileReference; explicitFileType = wrapper.application; includeInIndex = 0; path = ForTestCode.app; sourceTree = BUILT_PRODUCTS_DIR; };
		D7D7AD742AD55A2300647055 /* Assets.xcassets */ = {isa = PBXFileReference; lastKnownFileType = folder.assetcatalog; path = Assets.xcassets; sourceTree = "<group>"; };
		D7D7AD772AD55A2300647055 /* Base */ = {isa = PBXFileReference; lastKnownFileType = file.storyboard; name = Base; path = Base.lproj/LaunchScreen.storyboard; sourceTree = "<group>"; };
		D7D7AD792AD55A2300647055 /* Info.plist */ = {isa = PBXFileReference; lastKnownFileType = text.plist.xml; path = Info.plist; sourceTree = "<group>"; };
		D7D7AD7F2AD55A3700647055 /* ForTestCode-Bridging-Header.h */ = {isa = PBXFileReference; lastKnownFileType = sourcecode.c.h; path = "ForTestCode-Bridging-Header.h"; sourceTree = "<group>"; };
		D7D7AD812AD55A3800647055 /* Extension.swift */ = {isa = PBXFileReference; fileEncoding = 4; lastKnownFileType = sourcecode.swift; path = Extension.swift; sourceTree = "<group>"; };
		D7D7AD822AD55A3800647055 /* AppDelegate.swift */ = {isa = PBXFileReference; fileEncoding = 4; lastKnownFileType = sourcecode.swift; path = AppDelegate.swift; sourceTree = "<group>"; };
		D7D7AD842AD55A3900647055 /* Main.storyboard */ = {isa = PBXFileReference; fileEncoding = 4; lastKnownFileType = file.storyboard; path = Main.storyboard; sourceTree = "<group>"; };
		D7D7AD852AD55A3900647055 /* MyTableViewCell.swift */ = {isa = PBXFileReference; fileEncoding = 4; lastKnownFileType = sourcecode.swift; path = MyTableViewCell.swift; sourceTree = "<group>"; };
		D7D7AD862AD55A3900647055 /* TableViewVC.xib */ = {isa = PBXFileReference; fileEncoding = 4; lastKnownFileType = file.xib; path = TableViewVC.xib; sourceTree = "<group>"; };
		D7D7AD872AD55A3900647055 /* LabelAnnounce.swift */ = {isa = PBXFileReference; fileEncoding = 4; lastKnownFileType = sourcecode.swift; path = LabelAnnounce.swift; sourceTree = "<group>"; };
		D7D7AD892AD55A3A00647055 /* SceneDelegate.swift */ = {isa = PBXFileReference; fileEncoding = 4; lastKnownFileType = sourcecode.swift; path = SceneDelegate.swift; sourceTree = "<group>"; };
		D7D7AD8A2AD55A3A00647055 /* TableViewCenter.swift */ = {isa = PBXFileReference; fileEncoding = 4; lastKnownFileType = sourcecode.swift; path = TableViewCenter.swift; sourceTree = "<group>"; };
		D7D7AD8C2AD55A3A00647055 /* TableViewVC.swift */ = {isa = PBXFileReference; fileEncoding = 4; lastKnownFileType = sourcecode.swift; path = TableViewVC.swift; sourceTree = "<group>"; };
		D7D7AD8D2AD55A3B00647055 /* LabelAnnounce.xib */ = {isa = PBXFileReference; fileEncoding = 4; lastKnownFileType = file.xib; path = LabelAnnounce.xib; sourceTree = "<group>"; };
		D7D7AD8E2AD55A3B00647055 /* ViewController.swift */ = {isa = PBXFileReference; fileEncoding = 4; lastKnownFileType = sourcecode.swift; path = ViewController.swift; sourceTree = "<group>"; };
		D7D7AD8F2AD55A3B00647055 /* MyTableViewCell.xib */ = {isa = PBXFileReference; fileEncoding = 4; lastKnownFileType = file.xib; path = MyTableViewCell.xib; sourceTree = "<group>"; };
		D7D7ADA42AD6940600647055 /* AnnounceView.swift */ = {isa = PBXFileReference; lastKnownFileType = sourcecode.swift; path = AnnounceView.swift; sourceTree = "<group>"; };
		D7D7ADB22AD6B57500647055 /* AnimateVC.swift */ = {isa = PBXFileReference; lastKnownFileType = sourcecode.swift; path = AnimateVC.swift; sourceTree = "<group>"; };
		D7D7ADB52AD6B85E00647055 /* PopoverViewController.swift */ = {isa = PBXFileReference; fileEncoding = 4; lastKnownFileType = sourcecode.swift; path = PopoverViewController.swift; sourceTree = "<group>"; };
		D7D7ADB62AD6B85E00647055 /* PopoverViewController.xib */ = {isa = PBXFileReference; fileEncoding = 4; lastKnownFileType = file.xib; path = PopoverViewController.xib; sourceTree = "<group>"; };
		D7D7ADBD2AD6B8F700647055 /* RowGiftView.swift */ = {isa = PBXFileReference; fileEncoding = 4; lastKnownFileType = sourcecode.swift; path = RowGiftView.swift; sourceTree = "<group>"; };
		D7D7ADBE2AD6B8F700647055 /* RowGiftView.xib */ = {isa = PBXFileReference; fileEncoding = 4; lastKnownFileType = file.xib; path = RowGiftView.xib; sourceTree = "<group>"; };
		D7FAD0A02B0363E100C49BD1 /* TableViewReadMore.swift */ = {isa = PBXFileReference; lastKnownFileType = sourcecode.swift; path = TableViewReadMore.swift; sourceTree = "<group>"; };
		D7FAD0A22B036AEC00C49BD1 /* CustomTableViewCell.swift */ = {isa = PBXFileReference; lastKnownFileType = sourcecode.swift; path = CustomTableViewCell.swift; sourceTree = "<group>"; };
		D7FAD0A32B036AEC00C49BD1 /* CustomTableViewCell.xib */ = {isa = PBXFileReference; lastKnownFileType = file.xib; path = CustomTableViewCell.xib; sourceTree = "<group>"; };
		D7FAD0A82B070C2800C49BD1 /* PlayWebpVC.swift */ = {isa = PBXFileReference; lastKnownFileType = sourcecode.swift; path = PlayWebpVC.swift; sourceTree = "<group>"; };
/* End PBXFileReference section */

/* Begin PBXFrameworksBuildPhase section */
		D7D7AD652AD55A2200647055 /* Frameworks */ = {
			isa = PBXFrameworksBuildPhase;
			buildActionMask = 2147483647;
			files = (
				1014D90B4C20DCBD0FA762A9 /* Pods_ForTestCode.framework in Frameworks */,
			);
			runOnlyForDeploymentPostprocessing = 0;
		};
/* End PBXFrameworksBuildPhase section */

/* Begin PBXGroup section */
		15BB54384188D4358A7F6BAC /* Pods */ = {
			isa = PBXGroup;
			children = (
				4AA4156DA9B8FA3CF6C28B0C /* Pods-ForTestCode.debug.xcconfig */,
				38D380721B5727C65F46165B /* Pods-ForTestCode.release.xcconfig */,
			);
			path = Pods;
			sourceTree = "<group>";
		};
		D716491C2B0DEBFE007454A8 /* MVVM */ = {
			isa = PBXGroup;
			children = (
				D716491D2B0DEC1F007454A8 /* MVVMShowDataVC.swift */,
				D716491F2B0DEFAE007454A8 /* ModelProduct.swift */,
				D71649212B0DEFB3007454A8 /* ProductViewModel.swift */,
				D71649232B0F072D007454A8 /* ProductViewCell.swift */,
				D71649242B0F072D007454A8 /* ProductViewCell.xib */,
				D71649272B0F299D007454A8 /* BaseServiceRequest.swift */,
			);
			path = MVVM;
			sourceTree = "<group>";
		};
		D78769682AF1FA7C00E01A3D /* CollectionView */ = {
			isa = PBXGroup;
			children = (
				D78769642AF1F9D400E01A3D /* CollectionViewController.swift */,
				D78769652AF1F9D400E01A3D /* CollectionViewController.xib */,
				D78769692AF1FA9800E01A3D /* CollectionViewCell.swift */,
				D787696A2AF1FA9800E01A3D /* CollectionViewCell.xib */,
			);
			path = CollectionView;
			sourceTree = "<group>";
		};
		D787697A2AF377C400E01A3D /* AnimateAnnounce */ = {
			isa = PBXGroup;
			children = (
				D7D7ADB22AD6B57500647055 /* AnimateVC.swift */,
			);
			path = AnimateAnnounce;
			sourceTree = "<group>";
		};
		D787697B2AF3783300E01A3D /* AnimateView */ = {
			isa = PBXGroup;
			children = (
				D7D7ADA42AD6940600647055 /* AnnounceView.swift */,
				D7D7AD872AD55A3900647055 /* LabelAnnounce.swift */,
				D7D7AD8D2AD55A3B00647055 /* LabelAnnounce.xib */,
			);
			path = AnimateView;
			sourceTree = "<group>";
		};
		D787697C2AF3787600E01A3D /* TypeView */ = {
			isa = PBXGroup;
			children = (
				D7B215D52AD799F10030EA4D /* GiftListVC.swift */,
				D7B215D62AD799F10030EA4D /* GiftListVC.xib */,
				D73DF6232AD6BAE100C06CC4 /* ShowGiftView.swift */,
				D7D7ADBD2AD6B8F700647055 /* RowGiftView.swift */,
				D7D7ADBE2AD6B8F700647055 /* RowGiftView.xib */,
			);
			path = TypeView;
			sourceTree = "<group>";
		};
		D787697D2AF3787E00E01A3D /* TypeTableView */ = {
			isa = PBXGroup;
			children = (
				D7D7AD8A2AD55A3A00647055 /* TableViewCenter.swift */,
				D7D7AD8C2AD55A3A00647055 /* TableViewVC.swift */,
				D7D7AD862AD55A3900647055 /* TableViewVC.xib */,
				D7D7AD852AD55A3900647055 /* MyTableViewCell.swift */,
				D7D7AD8F2AD55A3B00647055 /* MyTableViewCell.xib */,
			);
			path = TypeTableView;
			sourceTree = "<group>";
		};
		D787697E2AF378AC00E01A3D /* Popover */ = {
			isa = PBXGroup;
			children = (
				D7D7ADB52AD6B85E00647055 /* PopoverViewController.swift */,
				D7D7ADB62AD6B85E00647055 /* PopoverViewController.xib */,
			);
			path = Popover;
			sourceTree = "<group>";
		};
		D7A2D6602B03209000A3B1BD /* Label Link */ = {
			isa = PBXGroup;
			children = (
				D7A2D6612B0320A700A3B1BD /* LabelLinkVC.swift */,
			);
			path = "Label Link";
			sourceTree = "<group>";
		};
		D7B215D22AD799560030EA4D /* GiftListView */ = {
			isa = PBXGroup;
			children = (
				D787697D2AF3787E00E01A3D /* TypeTableView */,
				D787697C2AF3787600E01A3D /* TypeView */,
			);
			path = GiftListView;
			sourceTree = "<group>";
		};
		D7D7AD5F2AD55A2200647055 = {
			isa = PBXGroup;
			children = (
				D7D7AD6A2AD55A2200647055 /* ForTestCode */,
				D7D7AD692AD55A2200647055 /* Products */,
				15BB54384188D4358A7F6BAC /* Pods */,
				E92DEC0C7F4B973FE03AD4FC /* Frameworks */,
			);
			sourceTree = "<group>";
		};
		D7D7AD692AD55A2200647055 /* Products */ = {
			isa = PBXGroup;
			children = (
				D7D7AD682AD55A2200647055 /* ForTestCode.app */,
			);
			name = Products;
			sourceTree = "<group>";
		};
		D7D7AD6A2AD55A2200647055 /* ForTestCode */ = {
			isa = PBXGroup;
			children = (
				D7D7AD812AD55A3800647055 /* Extension.swift */,
				D7D7AD822AD55A3800647055 /* AppDelegate.swift */,
				D7D7AD842AD55A3900647055 /* Main.storyboard */,
				D7D7AD8E2AD55A3B00647055 /* ViewController.swift */,
				D78769852AF380D200E01A3D /* CltvGridBtnCell.swift */,
				D78769862AF380D200E01A3D /* CltvGridBtnCell.xib */,
				D78769812AF37BE300E01A3D /* JsonTitleModel.swift */,
				D78769832AF37C0300E01A3D /* TitleViewModel.swift */,
				D787697E2AF378AC00E01A3D /* Popover */,
				D78769682AF1FA7C00E01A3D /* CollectionView */,
				D7B215D22AD799560030EA4D /* GiftListView */,
				D7D7ADB42AD6B59300647055 /* Animate */,
				D7A2D6602B03209000A3B1BD /* Label Link */,
				D7FAD09F2B0363D100C49BD1 /* TableViewReadMore */,
				D716491C2B0DEBFE007454A8 /* MVVM */,
				D7D7AD892AD55A3A00647055 /* SceneDelegate.swift */,
				D787697F2AF37A7800E01A3D /* jsonTitle.json */,
				D7D7AD742AD55A2300647055 /* Assets.xcassets */,
				D7D7AD762AD55A2300647055 /* LaunchScreen.storyboard */,
				D7D7AD792AD55A2300647055 /* Info.plist */,
				D7D7AD7F2AD55A3700647055 /* ForTestCode-Bridging-Header.h */,
			);
			path = ForTestCode;
			sourceTree = "<group>";
		};
		D7D7ADB42AD6B59300647055 /* Animate */ = {
			isa = PBXGroup;
			children = (
				D787697A2AF377C400E01A3D /* AnimateAnnounce */,
				D787697B2AF3783300E01A3D /* AnimateView */,
				D7FAD0A82B070C2800C49BD1 /* PlayWebpVC.swift */,
			);
			path = Animate;
			sourceTree = "<group>";
		};
		D7FAD09F2B0363D100C49BD1 /* TableViewReadMore */ = {
			isa = PBXGroup;
			children = (
				D7FAD0A02B0363E100C49BD1 /* TableViewReadMore.swift */,
				D7FAD0A22B036AEC00C49BD1 /* CustomTableViewCell.swift */,
				D7FAD0A32B036AEC00C49BD1 /* CustomTableViewCell.xib */,
			);
			path = TableViewReadMore;
			sourceTree = "<group>";
		};
		E92DEC0C7F4B973FE03AD4FC /* Frameworks */ = {
			isa = PBXGroup;
			children = (
				D3AA16F900D583DF7FCAEFA5 /* Pods_ForTestCode.framework */,
			);
			name = Frameworks;
			sourceTree = "<group>";
		};
/* End PBXGroup section */

/* Begin PBXNativeTarget section */
		D7D7AD672AD55A2200647055 /* ForTestCode */ = {
			isa = PBXNativeTarget;
			buildConfigurationList = D7D7AD7C2AD55A2300647055 /* Build configuration list for PBXNativeTarget "ForTestCode" */;
			buildPhases = (
				9BB7F2B1F9A3491A2AA60427 /* [CP] Check Pods Manifest.lock */,
				D7D7AD642AD55A2200647055 /* Sources */,
				D7D7AD652AD55A2200647055 /* Frameworks */,
				D7D7AD662AD55A2200647055 /* Resources */,
				B8392FDF19E8C3A3872D75BE /* [CP] Embed Pods Frameworks */,
			);
			buildRules = (
			);
			dependencies = (
			);
			name = ForTestCode;
			productName = ForTestCode;
			productReference = D7D7AD682AD55A2200647055 /* ForTestCode.app */;
			productType = "com.apple.product-type.application";
		};
/* End PBXNativeTarget section */

/* Begin PBXProject section */
		D7D7AD602AD55A2200647055 /* Project object */ = {
			isa = PBXProject;
			attributes = {
				BuildIndependentTargetsInParallel = 1;
				LastSwiftUpdateCheck = 1420;
				LastUpgradeCheck = 1420;
				TargetAttributes = {
					D7D7AD672AD55A2200647055 = {
						CreatedOnToolsVersion = 14.2;
						LastSwiftMigration = 1420;
					};
				};
			};
			buildConfigurationList = D7D7AD632AD55A2200647055 /* Build configuration list for PBXProject "ForTestCode" */;
			compatibilityVersion = "Xcode 14.0";
			developmentRegion = en;
			hasScannedForEncodings = 0;
			knownRegions = (
				en,
				Base,
			);
			mainGroup = D7D7AD5F2AD55A2200647055;
			productRefGroup = D7D7AD692AD55A2200647055 /* Products */;
			projectDirPath = "";
			projectRoot = "";
			targets = (
				D7D7AD672AD55A2200647055 /* ForTestCode */,
			);
		};
/* End PBXProject section */

/* Begin PBXResourcesBuildPhase section */
		D7D7AD662AD55A2200647055 /* Resources */ = {
			isa = PBXResourcesBuildPhase;
			buildActionMask = 2147483647;
			files = (
				D78769882AF380D200E01A3D /* CltvGridBtnCell.xib in Resources */,
				D7D7AD962AD55A3B00647055 /* TableViewVC.xib in Resources */,
				D7D7ADB82AD6B85E00647055 /* PopoverViewController.xib in Resources */,
				D78769802AF37A7800E01A3D /* jsonTitle.json in Resources */,
				D787696C2AF1FA9800E01A3D /* CollectionViewCell.xib in Resources */,
				D71649262B0F072D007454A8 /* ProductViewCell.xib in Resources */,
				D7D7AD942AD55A3B00647055 /* Main.storyboard in Resources */,
				D7B215D82AD799F10030EA4D /* GiftListVC.xib in Resources */,
				D7D7AD782AD55A2300647055 /* LaunchScreen.storyboard in Resources */,
				D7D7AD9D2AD55A3B00647055 /* LabelAnnounce.xib in Resources */,
				D7FAD0A52B036AEC00C49BD1 /* CustomTableViewCell.xib in Resources */,
				D78769672AF1F9D400E01A3D /* CollectionViewController.xib in Resources */,
				D7D7ADC12AD6B8F700647055 /* RowGiftView.xib in Resources */,
				D7D7AD752AD55A2300647055 /* Assets.xcassets in Resources */,
				D7D7AD9F2AD55A3B00647055 /* MyTableViewCell.xib in Resources */,
			);
			runOnlyForDeploymentPostprocessing = 0;
		};
/* End PBXResourcesBuildPhase section */

/* Begin PBXShellScriptBuildPhase section */
		9BB7F2B1F9A3491A2AA60427 /* [CP] Check Pods Manifest.lock */ = {
			isa = PBXShellScriptBuildPhase;
			buildActionMask = 2147483647;
			files = (
			);
			inputFileListPaths = (
			);
			inputPaths = (
				"${PODS_PODFILE_DIR_PATH}/Podfile.lock",
				"${PODS_ROOT}/Manifest.lock",
			);
			name = "[CP] Check Pods Manifest.lock";
			outputFileListPaths = (
			);
			outputPaths = (
				"$(DERIVED_FILE_DIR)/Pods-ForTestCode-checkManifestLockResult.txt",
			);
			runOnlyForDeploymentPostprocessing = 0;
			shellPath = /bin/sh;
			shellScript = "diff \"${PODS_PODFILE_DIR_PATH}/Podfile.lock\" \"${PODS_ROOT}/Manifest.lock\" > /dev/null\nif [ $? != 0 ] ; then\n    # print error to STDERR\n    echo \"error: The sandbox is not in sync with the Podfile.lock. Run 'pod install' or update your CocoaPods installation.\" >&2\n    exit 1\nfi\n# This output is used by Xcode 'outputs' to avoid re-running this script phase.\necho \"SUCCESS\" > \"${SCRIPT_OUTPUT_FILE_0}\"\n";
			showEnvVarsInLog = 0;
		};
		B8392FDF19E8C3A3872D75BE /* [CP] Embed Pods Frameworks */ = {
			isa = PBXShellScriptBuildPhase;
			buildActionMask = 2147483647;
			files = (
			);
			inputFileListPaths = (
				"${PODS_ROOT}/Target Support Files/Pods-ForTestCode/Pods-ForTestCode-frameworks-${CONFIGURATION}-input-files.xcfilelist",
			);
			name = "[CP] Embed Pods Frameworks";
			outputFileListPaths = (
				"${PODS_ROOT}/Target Support Files/Pods-ForTestCode/Pods-ForTestCode-frameworks-${CONFIGURATION}-output-files.xcfilelist",
			);
			runOnlyForDeploymentPostprocessing = 0;
			shellPath = /bin/sh;
			shellScript = "\"${PODS_ROOT}/Target Support Files/Pods-ForTestCode/Pods-ForTestCode-frameworks.sh\"\n";
			showEnvVarsInLog = 0;
		};
/* End PBXShellScriptBuildPhase section */

/* Begin PBXSourcesBuildPhase section */
		D7D7AD642AD55A2200647055 /* Sources */ = {
			isa = PBXSourcesBuildPhase;
			buildActionMask = 2147483647;
			files = (
				D7D7AD9E2AD55A3B00647055 /* ViewController.swift in Sources */,
				D716491E2B0DEC1F007454A8 /* MVVMShowDataVC.swift in Sources */,
				D71649252B0F072D007454A8 /* ProductViewCell.swift in Sources */,
				D7D7AD992AD55A3B00647055 /* SceneDelegate.swift in Sources */,
				D7D7AD972AD55A3B00647055 /* LabelAnnounce.swift in Sources */,
				D7D7ADC02AD6B8F700647055 /* RowGiftView.swift in Sources */,
				D78769872AF380D200E01A3D /* CltvGridBtnCell.swift in Sources */,
				D7D7AD922AD55A3B00647055 /* AppDelegate.swift in Sources */,
				D7FAD0A92B070C2800C49BD1 /* PlayWebpVC.swift in Sources */,
				D7D7AD9A2AD55A3B00647055 /* TableViewCenter.swift in Sources */,
				D71649222B0DEFB3007454A8 /* ProductViewModel.swift in Sources */,
				D78769822AF37BE300E01A3D /* JsonTitleModel.swift in Sources */,
				D7D7ADB32AD6B57500647055 /* AnimateVC.swift in Sources */,
				D73DF6242AD6BAE100C06CC4 /* ShowGiftView.swift in Sources */,
				D7B215D72AD799F10030EA4D /* GiftListVC.swift in Sources */,
				D78769662AF1F9D400E01A3D /* CollectionViewController.swift in Sources */,
				D787696B2AF1FA9800E01A3D /* CollectionViewCell.swift in Sources */,
				D7D7ADA52AD6940600647055 /* AnnounceView.swift in Sources */,
				D7D7ADB72AD6B85E00647055 /* PopoverViewController.swift in Sources */,
				D7A2D6622B0320A700A3B1BD /* LabelLinkVC.swift in Sources */,
				D7D7AD9C2AD55A3B00647055 /* TableViewVC.swift in Sources */,
				D71649202B0DEFAE007454A8 /* ModelProduct.swift in Sources */,
				D7FAD0A42B036AEC00C49BD1 /* CustomTableViewCell.swift in Sources */,
				D7FAD0A12B0363E100C49BD1 /* TableViewReadMore.swift in Sources */,
				D71649282B0F299D007454A8 /* BaseServiceRequest.swift in Sources */,
				D7D7AD952AD55A3B00647055 /* MyTableViewCell.swift in Sources */,
				D7D7AD912AD55A3B00647055 /* Extension.swift in Sources */,
				D78769842AF37C0300E01A3D /* TitleViewModel.swift in Sources */,
			);
			runOnlyForDeploymentPostprocessing = 0;
		};
/* End PBXSourcesBuildPhase section */

/* Begin PBXVariantGroup section */
		D7D7AD762AD55A2300647055 /* LaunchScreen.storyboard */ = {
			isa = PBXVariantGroup;
			children = (
				D7D7AD772AD55A2300647055 /* Base */,
			);
			name = LaunchScreen.storyboard;
			sourceTree = "<group>";
		};
/* End PBXVariantGroup section */

/* Begin XCBuildConfiguration section */
		D7D7AD7A2AD55A2300647055 /* Debug */ = {
			isa = XCBuildConfiguration;
			buildSettings = {
				ALWAYS_SEARCH_USER_PATHS = NO;
				CLANG_ANALYZER_NONNULL = YES;
				CLANG_ANALYZER_NUMBER_OBJECT_CONVERSION = YES_AGGRESSIVE;
				CLANG_CXX_LANGUAGE_STANDARD = "gnu++20";
				CLANG_ENABLE_MODULES = YES;
				CLANG_ENABLE_OBJC_ARC = YES;
				CLANG_ENABLE_OBJC_WEAK = YES;
				CLANG_WARN_BLOCK_CAPTURE_AUTORELEASING = YES;
				CLANG_WARN_BOOL_CONVERSION = YES;
				CLANG_WARN_COMMA = YES;
				CLANG_WARN_CONSTANT_CONVERSION = YES;
				CLANG_WARN_DEPRECATED_OBJC_IMPLEMENTATIONS = YES;
				CLANG_WARN_DIRECT_OBJC_ISA_USAGE = YES_ERROR;
				CLANG_WARN_DOCUMENTATION_COMMENTS = YES;
				CLANG_WARN_EMPTY_BODY = YES;
				CLANG_WARN_ENUM_CONVERSION = YES;
				CLANG_WARN_INFINITE_RECURSION = YES;
				CLANG_WARN_INT_CONVERSION = YES;
				CLANG_WARN_NON_LITERAL_NULL_CONVERSION = YES;
				CLANG_WARN_OBJC_IMPLICIT_RETAIN_SELF = YES;
				CLANG_WARN_OBJC_LITERAL_CONVERSION = YES;
				CLANG_WARN_OBJC_ROOT_CLASS = YES_ERROR;
				CLANG_WARN_QUOTED_INCLUDE_IN_FRAMEWORK_HEADER = YES;
				CLANG_WARN_RANGE_LOOP_ANALYSIS = YES;
				CLANG_WARN_STRICT_PROTOTYPES = YES;
				CLANG_WARN_SUSPICIOUS_MOVE = YES;
				CLANG_WARN_UNGUARDED_AVAILABILITY = YES_AGGRESSIVE;
				CLANG_WARN_UNREACHABLE_CODE = YES;
				CLANG_WARN__DUPLICATE_METHOD_MATCH = YES;
				COPY_PHASE_STRIP = NO;
				DEBUG_INFORMATION_FORMAT = dwarf;
				ENABLE_STRICT_OBJC_MSGSEND = YES;
				ENABLE_TESTABILITY = YES;
				GCC_C_LANGUAGE_STANDARD = gnu11;
				GCC_DYNAMIC_NO_PIC = NO;
				GCC_NO_COMMON_BLOCKS = YES;
				GCC_OPTIMIZATION_LEVEL = 0;
				GCC_PREPROCESSOR_DEFINITIONS = (
					"DEBUG=1",
					"$(inherited)",
				);
				GCC_WARN_64_TO_32_BIT_CONVERSION = YES;
				GCC_WARN_ABOUT_RETURN_TYPE = YES_ERROR;
				GCC_WARN_UNDECLARED_SELECTOR = YES;
				GCC_WARN_UNINITIALIZED_AUTOS = YES_AGGRESSIVE;
				GCC_WARN_UNUSED_FUNCTION = YES;
				GCC_WARN_UNUSED_VARIABLE = YES;
				IPHONEOS_DEPLOYMENT_TARGET = 16.2;
				MTL_ENABLE_DEBUG_INFO = INCLUDE_SOURCE;
				MTL_FAST_MATH = YES;
				ONLY_ACTIVE_ARCH = YES;
				SDKROOT = iphoneos;
				SWIFT_ACTIVE_COMPILATION_CONDITIONS = DEBUG;
				SWIFT_OPTIMIZATION_LEVEL = "-Onone";
			};
			name = Debug;
		};
		D7D7AD7B2AD55A2300647055 /* Release */ = {
			isa = XCBuildConfiguration;
			buildSettings = {
				ALWAYS_SEARCH_USER_PATHS = NO;
				CLANG_ANALYZER_NONNULL = YES;
				CLANG_ANALYZER_NUMBER_OBJECT_CONVERSION = YES_AGGRESSIVE;
				CLANG_CXX_LANGUAGE_STANDARD = "gnu++20";
				CLANG_ENABLE_MODULES = YES;
				CLANG_ENABLE_OBJC_ARC = YES;
				CLANG_ENABLE_OBJC_WEAK = YES;
				CLANG_WARN_BLOCK_CAPTURE_AUTORELEASING = YES;
				CLANG_WARN_BOOL_CONVERSION = YES;
				CLANG_WARN_COMMA = YES;
				CLANG_WARN_CONSTANT_CONVERSION = YES;
				CLANG_WARN_DEPRECATED_OBJC_IMPLEMENTATIONS = YES;
				CLANG_WARN_DIRECT_OBJC_ISA_USAGE = YES_ERROR;
				CLANG_WARN_DOCUMENTATION_COMMENTS = YES;
				CLANG_WARN_EMPTY_BODY = YES;
				CLANG_WARN_ENUM_CONVERSION = YES;
				CLANG_WARN_INFINITE_RECURSION = YES;
				CLANG_WARN_INT_CONVERSION = YES;
				CLANG_WARN_NON_LITERAL_NULL_CONVERSION = YES;
				CLANG_WARN_OBJC_IMPLICIT_RETAIN_SELF = YES;
				CLANG_WARN_OBJC_LITERAL_CONVERSION = YES;
				CLANG_WARN_OBJC_ROOT_CLASS = YES_ERROR;
				CLANG_WARN_QUOTED_INCLUDE_IN_FRAMEWORK_HEADER = YES;
				CLANG_WARN_RANGE_LOOP_ANALYSIS = YES;
				CLANG_WARN_STRICT_PROTOTYPES = YES;
				CLANG_WARN_SUSPICIOUS_MOVE = YES;
				CLANG_WARN_UNGUARDED_AVAILABILITY = YES_AGGRESSIVE;
				CLANG_WARN_UNREACHABLE_CODE = YES;
				CLANG_WARN__DUPLICATE_METHOD_MATCH = YES;
				COPY_PHASE_STRIP = NO;
				DEBUG_INFORMATION_FORMAT = "dwarf-with-dsym";
				ENABLE_NS_ASSERTIONS = NO;
				ENABLE_STRICT_OBJC_MSGSEND = YES;
				GCC_C_LANGUAGE_STANDARD = gnu11;
				GCC_NO_COMMON_BLOCKS = YES;
				GCC_WARN_64_TO_32_BIT_CONVERSION = YES;
				GCC_WARN_ABOUT_RETURN_TYPE = YES_ERROR;
				GCC_WARN_UNDECLARED_SELECTOR = YES;
				GCC_WARN_UNINITIALIZED_AUTOS = YES_AGGRESSIVE;
				GCC_WARN_UNUSED_FUNCTION = YES;
				GCC_WARN_UNUSED_VARIABLE = YES;
				IPHONEOS_DEPLOYMENT_TARGET = 16.2;
				MTL_ENABLE_DEBUG_INFO = NO;
				MTL_FAST_MATH = YES;
				SDKROOT = iphoneos;
				SWIFT_COMPILATION_MODE = wholemodule;
				SWIFT_OPTIMIZATION_LEVEL = "-O";
				VALIDATE_PRODUCT = YES;
			};
			name = Release;
		};
		D7D7AD7D2AD55A2300647055 /* Debug */ = {
			isa = XCBuildConfiguration;
			baseConfigurationReference = 4AA4156DA9B8FA3CF6C28B0C /* Pods-ForTestCode.debug.xcconfig */;
			buildSettings = {
				ASSETCATALOG_COMPILER_APPICON_NAME = AppIcon;
				ASSETCATALOG_COMPILER_GLOBAL_ACCENT_COLOR_NAME = AccentColor;
				CLANG_ENABLE_MODULES = YES;
				CODE_SIGN_STYLE = Automatic;
				CURRENT_PROJECT_VERSION = 1;
				FRAMEWORK_SEARCH_PATHS = (
					"$(inherited)",
					"\"${PODS_CONFIGURATION_BUILD_DIR}/FLAnimatedImage\"",
					"\"${PODS_CONFIGURATION_BUILD_DIR}/MarqueeLabel\"",
					"\"${PODS_CONFIGURATION_BUILD_DIR}/RxCocoa\"",
					"\"${PODS_CONFIGURATION_BUILD_DIR}/RxRelay\"",
					"\"${PODS_CONFIGURATION_BUILD_DIR}/RxSwift\"",
					"\"${PODS_ROOT}/SpeedcheckerSDK/Framework\"",
					"\"${PODS_XCFRAMEWORKS_BUILD_DIR}/SpeedcheckerSDK\"",
				);
				GENERATE_INFOPLIST_FILE = YES;
				INFOPLIST_FILE = ForTestCode/Info.plist;
				INFOPLIST_KEY_UIApplicationSupportsIndirectInputEvents = YES;
				INFOPLIST_KEY_UILaunchStoryboardName = LaunchScreen;
				INFOPLIST_KEY_UIMainStoryboardFile = Main;
				INFOPLIST_KEY_UISupportedInterfaceOrientations_iPad = "UIInterfaceOrientationPortrait UIInterfaceOrientationPortraitUpsideDown UIInterfaceOrientationLandscapeLeft UIInterfaceOrientationLandscapeRight";
				INFOPLIST_KEY_UISupportedInterfaceOrientations_iPhone = "UIInterfaceOrientationPortrait UIInterfaceOrientationLandscapeLeft UIInterfaceOrientationLandscapeRight";
				LD_RUNPATH_SEARCH_PATHS = (
					"$(inherited)",
					"@executable_path/Frameworks",
				);
				MARKETING_VERSION = 1.0;
				PRODUCT_BUNDLE_IDENTIFIER = ForTestCode.ForTestCode;
				PRODUCT_NAME = "$(TARGET_NAME)";
				SWIFT_EMIT_LOC_STRINGS = YES;
				SWIFT_OBJC_BRIDGING_HEADER = "ForTestCode/ForTestCode-Bridging-Header.h";
				SWIFT_OPTIMIZATION_LEVEL = "-Onone";
				SWIFT_VERSION = 5.0;
				TARGETED_DEVICE_FAMILY = "1,2";
			};
			name = Debug;
		};
		D7D7AD7E2AD55A2300647055 /* Release */ = {
			isa = XCBuildConfiguration;
			baseConfigurationReference = 38D380721B5727C65F46165B /* Pods-ForTestCode.release.xcconfig */;
			buildSettings = {
				ASSETCATALOG_COMPILER_APPICON_NAME = AppIcon;
				ASSETCATALOG_COMPILER_GLOBAL_ACCENT_COLOR_NAME = AccentColor;
				CLANG_ENABLE_MODULES = YES;
				CODE_SIGN_STYLE = Automatic;
				CURRENT_PROJECT_VERSION = 1;
				FRAMEWORK_SEARCH_PATHS = (
					"$(inherited)",
					"\"${PODS_CONFIGURATION_BUILD_DIR}/FLAnimatedImage\"",
					"\"${PODS_CONFIGURATION_BUILD_DIR}/MarqueeLabel\"",
					"\"${PODS_CONFIGURATION_BUILD_DIR}/RxCocoa\"",
					"\"${PODS_CONFIGURATION_BUILD_DIR}/RxRelay\"",
					"\"${PODS_CONFIGURATION_BUILD_DIR}/RxSwift\"",
					"\"${PODS_ROOT}/SpeedcheckerSDK/Framework\"",
					"\"${PODS_XCFRAMEWORKS_BUILD_DIR}/SpeedcheckerSDK\"",
				);
				GENERATE_INFOPLIST_FILE = YES;
				INFOPLIST_FILE = ForTestCode/Info.plist;
				INFOPLIST_KEY_UIApplicationSupportsIndirectInputEvents = YES;
				INFOPLIST_KEY_UILaunchStoryboardName = LaunchScreen;
				INFOPLIST_KEY_UIMainStoryboardFile = Main;
				INFOPLIST_KEY_UISupportedInterfaceOrientations_iPad = "UIInterfaceOrientationPortrait UIInterfaceOrientationPortraitUpsideDown UIInterfaceOrientationLandscapeLeft UIInterfaceOrientationLandscapeRight";
				INFOPLIST_KEY_UISupportedInterfaceOrientations_iPhone = "UIInterfaceOrientationPortrait UIInterfaceOrientationLandscapeLeft UIInterfaceOrientationLandscapeRight";
				LD_RUNPATH_SEARCH_PATHS = (
					"$(inherited)",
					"@executable_path/Frameworks",
				);
				MARKETING_VERSION = 1.0;
				PRODUCT_BUNDLE_IDENTIFIER = ForTestCode.ForTestCode;
				PRODUCT_NAME = "$(TARGET_NAME)";
				SWIFT_EMIT_LOC_STRINGS = YES;
				SWIFT_OBJC_BRIDGING_HEADER = "ForTestCode/ForTestCode-Bridging-Header.h";
				SWIFT_VERSION = 5.0;
				TARGETED_DEVICE_FAMILY = "1,2";
			};
			name = Release;
		};
/* End XCBuildConfiguration section */

/* Begin XCConfigurationList section */
		D7D7AD632AD55A2200647055 /* Build configuration list for PBXProject "ForTestCode" */ = {
			isa = XCConfigurationList;
			buildConfigurations = (
				D7D7AD7A2AD55A2300647055 /* Debug */,
				D7D7AD7B2AD55A2300647055 /* Release */,
			);
			defaultConfigurationIsVisible = 0;
			defaultConfigurationName = Release;
		};
		D7D7AD7C2AD55A2300647055 /* Build configuration list for PBXNativeTarget "ForTestCode" */ = {
			isa = XCConfigurationList;
			buildConfigurations = (
				D7D7AD7D2AD55A2300647055 /* Debug */,
				D7D7AD7E2AD55A2300647055 /* Release */,
			);
			defaultConfigurationIsVisible = 0;
			defaultConfigurationName = Release;
		};
/* End XCConfigurationList section */
	};
	rootObject = D7D7AD602AD55A2200647055 /* Project object */;
}
